{
  "name": "tourniquette",
  "version": "1.0.0",
  "lockfileVersion": 1,
  "requires": true,
  "dependencies": {
    "@dcl/npc-utils": {
      "version": "1.0.6",
      "resolved": "https://registry.npmjs.org/@dcl/npc-utils/-/npc-utils-1.0.6.tgz",
      "integrity": "sha512-HT6wo+dgt/C29rzFJbb+ZnhJboaz7iTgEk5A4PaXZfKVf6PCtcglKVWrWQXaAOCtWNhnRdK8TiQ+VtzEpRJY5A==",
      "dev": true,
      "requires": {
        "decentraland-ecs": "^6.6.1"
      },
      "dependencies": {
        "decentraland-ecs": {
          "version": "6.6.1",
          "resolved": "https://registry.npmjs.org/decentraland-ecs/-/decentraland-ecs-6.6.1.tgz",
          "integrity": "sha512-u4BhDGXTg5TT+Xqukm0WO1P4tud1EfnMoMwKuW16digxOSo58Yw2r0TGoM1Iu0bODuELLChlJRqwM0Y12DSWCQ==",
          "dev": true,
          "requires": {
            "terser": "^5.2.1",
            "typescript": "^4.0.2"
          }
        }
      }
    },
    "@dcl/ui-utils": {
      "version": "1.6.0",
      "resolved": "https://registry.npmjs.org/@dcl/ui-utils/-/ui-utils-1.6.0.tgz",
      "integrity": "sha512-yg53prgNv/lBxJ+ZGDjYOoUDYm1GlykUy750lO9YyiVcJJvjmli09uC/dsbdnQcWsitTaCr5ZcrpEBngYLZq2g==",
      "dev": true,
      "requires": {
        "decentraland-ecs": "^6.6.1"
      },
      "dependencies": {
        "decentraland-ecs": {
          "version": "6.6.1",
          "resolved": "https://registry.npmjs.org/decentraland-ecs/-/decentraland-ecs-6.6.1.tgz",
          "integrity": "sha512-u4BhDGXTg5TT+Xqukm0WO1P4tud1EfnMoMwKuW16digxOSo58Yw2r0TGoM1Iu0bODuELLChlJRqwM0Y12DSWCQ==",
          "dev": true,
          "requires": {
            "terser": "^5.2.1",
            "typescript": "^4.0.2"
          }
        }
      }
    },
    "buffer-from": {
      "version": "1.1.1",
      "resolved": "https://registry.npmjs.org/buffer-from/-/buffer-from-1.1.1.tgz",
      "integrity": "sha512-MQcXEUbCKtEo7bhqEs6560Hyd4XaovZlO/k9V3hjVUF/zwW7KBVdSK4gIt/bzwS9MbR5qob+F5jusZsb0YQK2A==",
      "dev": true
    },
    "commander": {
      "version": "2.20.3",
      "resolved": "https://registry.npmjs.org/commander/-/commander-2.20.3.tgz",
      "integrity": "sha512-GpVkmM8vF2vQUkj2LvZmD35JxeJOLCwJ9cUkugyk2nuhbv3+mJvpLYYt+0+USMxE+oj+ey/lJEnhZw75x/OMcQ==",
      "dev": true
    },
    "dcl-node-runtime": {
      "version": "1.0.0",
      "resolved": "https://registry.npmjs.org/dcl-node-runtime/-/dcl-node-runtime-1.0.0.tgz",
      "integrity": "sha512-lSkSlYYqrpz3asSsUShRFo/SscHdOstfUYGmbHQaoK4XDavsScCqI4Bpxc2haWG7HGXH/otzJdQnot6rNDlnyg==",
      "dev": true,
      "requires": {
        "node-fetch": "^2.6.0",
        "ws": "^7.3.1"
      }
    },
    "decentraland": {
      "version": "3.4.5-20201009170559.commit-fa9f1c1",
      "resolved": "https://registry.npmjs.org/decentraland/-/decentraland-3.4.5-20201009170559.commit-fa9f1c1.tgz",
      "integrity": "sha512-ZbUnsAH91FxDyore8uJ6VWY7UXTKkQD8YOsvGyqv4MOKeXbwCfmRmN9xJ7bromsT5RbXJ/bRyI99DBWrxYQeNA==",
      "dev": true,
      "requires": {
        "dcl-node-runtime": "^1.0.0",
        "decentraland-ecs": "^6.4.9-20200527010700.commit-85d2fbc",
        "decentraland-renderer": "^1.8.21483"
      },
      "dependencies": {
        "decentraland-ecs": {
          "version": "6.6.1",
          "resolved": "https://registry.npmjs.org/decentraland-ecs/-/decentraland-ecs-6.6.1.tgz",
          "integrity": "sha512-u4BhDGXTg5TT+Xqukm0WO1P4tud1EfnMoMwKuW16digxOSo58Yw2r0TGoM1Iu0bODuELLChlJRqwM0Y12DSWCQ==",
          "dev": true,
          "requires": {
            "terser": "^5.2.1",
            "typescript": "^4.0.2"
          }
        }
      }
    },
    "decentraland-ecs": {
      "version": "6.6.2-20201202140920.commit-ea5410b",
      "resolved": "https://registry.npmjs.org/decentraland-ecs/-/decentraland-ecs-6.6.2-20201202140920.commit-ea5410b.tgz",
      "integrity": "sha512-gS056JreqkjuA6DRblBbxokVkgSbA0KJ2Qm0m8f3460h7VkgS+ZIIa40A+8ZV9PX7myJzXC9i38mvRP35/xTOQ==",
      "dev": true,
      "requires": {
        "terser": "^5.2.1",
        "typescript": "^4.0.2"
      }
    },
    "decentraland-ecs-utils": {
      "version": "1.1.9",
      "resolved": "https://registry.npmjs.org/decentraland-ecs-utils/-/decentraland-ecs-utils-1.1.9.tgz",
      "integrity": "sha512-toZB80CMGWVOo1cd/E/vvNuodMa7hNhMHdkIbAJ1r+U0e7/kr3JJbSO68LxdBYAObWGkgikmzFGnFvXr2fE/Zw==",
      "dev": true
    },
    "decentraland-renderer": {
      "version": "1.8.53736",
      "resolved": "https://registry.npmjs.org/decentraland-renderer/-/decentraland-renderer-1.8.53736.tgz",
      "integrity": "sha512-FhzNtDeIp+dqbRbNyVqnC7DxrGaCUQaOS+Ka7QbZkzgY48bqyHBtle1mlNcMmwaQRe8bJJ4AK4ra9ri95RERJg==",
      "dev": true
    },
    "node-fetch": {
      "version": "2.6.1",
      "resolved": "https://registry.npmjs.org/node-fetch/-/node-fetch-2.6.1.tgz",
      "integrity": "sha512-V4aYg89jEoVRxRb2fJdAg8FHvI7cEyYdVAh94HH0UIK8oJxUfkjlDQN9RbMx+bEjP7+ggMiFRprSti032Oipxw==",
      "dev": true
    },
    "source-map": {
      "version": "0.7.3",
      "resolved": "https://registry.npmjs.org/source-map/-/source-map-0.7.3.tgz",
      "integrity": "sha512-CkCj6giN3S+n9qrYiBTX5gystlENnRW5jZeNLHpe6aue+SrHcG5VYwujhW9s4dY31mEGsxBDrHR6oI69fTXsaQ==",
      "dev": true
    },
    "source-map-support": {
      "version": "0.5.19",
      "resolved": "https://registry.npmjs.org/source-map-support/-/source-map-support-0.5.19.tgz",
      "integrity": "sha512-Wonm7zOCIJzBGQdB+thsPar0kYuCIzYvxZwlBa87yi/Mdjv7Tip2cyVbLj5o0cFPN4EVkuTwb3GDDyUx2DGnGw==",
      "dev": true,
      "requires": {
        "buffer-from": "^1.0.0",
        "source-map": "^0.6.0"
      },
      "dependencies": {
        "source-map": {
          "version": "0.6.1",
          "resolved": "https://registry.npmjs.org/source-map/-/source-map-0.6.1.tgz",
          "integrity": "sha512-UjgapumWlbMhkBgzT7Ykc5YXUT46F0iKu8SGXq0bcwP5dz/h0Plj6enJqjz1Zbq2l5WaqYnrVbwWOWMyF3F47g==",
          "dev": true
        }
      }
    },
    "terser": {
      "version": "5.5.1",
      "resolved": "https://registry.npmjs.org/terser/-/terser-5.5.1.tgz",
      "integrity": "sha512-6VGWZNVP2KTUcltUQJ25TtNjx/XgdDsBDKGt8nN0MpydU36LmbPPcMBd2kmtZNNGVVDLg44k7GKeHHj+4zPIBQ==",
      "dev": true,
      "requires": {
        "commander": "^2.20.0",
        "source-map": "~0.7.2",
        "source-map-support": "~0.5.19"
      }
    },
    "typescript": {
      "version": "4.1.2",
      "resolved": "https://registry.npmjs.org/typescript/-/typescript-4.1.2.tgz",
      "integrity": "sha512-thGloWsGH3SOxv1SoY7QojKi0tc+8FnOmiarEGMbd/lar7QOEd3hvlx3Fp5y6FlDUGl9L+pd4n2e+oToGMmhRQ==",
      "dev": true
    },
    "ws": {
      "version": "7.4.0",
      "resolved": "https://registry.npmjs.org/ws/-/ws-7.4.0.tgz",
      "integrity": "sha512-kyFwXuV/5ymf+IXhS6f0+eAFvydbaBW3zjpT6hUdAh/hbVjTIB5EHBGi0bPoCLSK2wcuz3BrEkB9LrYv1Nm4NQ==",
      "dev": true
    }
  }
}
