{
  "name": "tourniquette",
  "version": "1.0.0",
  "lockfileVersion": 1,
  "requires": true,
  "dependencies": {
    "@dcl/npc-utils": {
      "version": "1.2.4",
      "resolved": "https://registry.npmjs.org/@dcl/npc-utils/-/npc-utils-1.2.4.tgz",
      "integrity": "sha512-DmHMM/8heuXipiCdHN+/EBf5lFxLTI+HQS6Armpc1HGwYeRF1oYE1+KCllRGTTehSpfj6/0++ScKUyFouasyiA==",
      "dev": true,
      "requires": {
        "decentraland-ecs": "^6.6.3"
      },
      "dependencies": {
        "decentraland-ecs": {
          "version": "6.6.3",
          "resolved": "https://registry.npmjs.org/decentraland-ecs/-/decentraland-ecs-6.6.3.tgz",
          "integrity": "sha512-s9pKMT6jXoBUlc0Zxqigd0x7VlRGBQwfiQMs+zSkkt8gLes/hxFp3VXJvjQe/PvT7fp1IEl82Agzckxje3joIw==",
          "dev": true,
          "requires": {
            "terser": "^5.2.1",
            "typescript": "^4.0.2"
          }
        }
      }
    },
    "@dcl/ui-utils": {
      "version": "1.4.5",
      "resolved": "https://registry.npmjs.org/@dcl/ui-utils/-/ui-utils-1.4.5.tgz",
      "integrity": "sha512-9jCElNgAfGiAHuJ1ZO6m6nVxOCEqXELsHgH09/oQoNHr6N7UZsacHn+0+uPxWXhYUiDPGMqhI/tZdOow1WaNVw==",
      "dev": true,
      "requires": {
        "decentraland-ecs": "^6.6.3"
      },
      "dependencies": {
        "decentraland-ecs": {
          "version": "6.6.3",
          "resolved": "https://registry.npmjs.org/decentraland-ecs/-/decentraland-ecs-6.6.3.tgz",
          "integrity": "sha512-s9pKMT6jXoBUlc0Zxqigd0x7VlRGBQwfiQMs+zSkkt8gLes/hxFp3VXJvjQe/PvT7fp1IEl82Agzckxje3joIw==",
          "dev": true,
          "requires": {
            "terser": "^5.2.1",
            "typescript": "^4.0.2"
          }
        }
      }
    },
    "@types/cannon": {
      "version": "0.1.5",
      "resolved": "https://registry.npmjs.org/@types/cannon/-/cannon-0.1.5.tgz",
      "integrity": "sha512-o+FQmZV4fDXKI1W+1Rt3FNDmMGU7Iv4ObWFAH/dVB9AqzdgD7FmbW4QmsxVQGcj8a563xyVV9UXVB9rba7ps2w==",
      "dev": true
    },
    "buffer-from": {
      "version": "1.1.1",
      "resolved": "https://registry.npmjs.org/buffer-from/-/buffer-from-1.1.1.tgz",
      "integrity": "sha512-MQcXEUbCKtEo7bhqEs6560Hyd4XaovZlO/k9V3hjVUF/zwW7KBVdSK4gIt/bzwS9MbR5qob+F5jusZsb0YQK2A==",
      "dev": true
    },
    "cannon": {
      "version": "github:schteppe/cannon.js#569730f94a1d9da47967a24fad0323ef7d5b4119",
      "from": "github:schteppe/cannon.js",
      "dev": true
    },
    "commander": {
      "version": "2.20.3",
      "resolved": "https://registry.npmjs.org/commander/-/commander-2.20.3.tgz",
      "integrity": "sha512-GpVkmM8vF2vQUkj2LvZmD35JxeJOLCwJ9cUkugyk2nuhbv3+mJvpLYYt+0+USMxE+oj+ey/lJEnhZw75x/OMcQ==",
      "dev": true
    },
    "dcl-node-runtime": {
      "version": "1.0.0",
      "resolved": "https://registry.npmjs.org/dcl-node-runtime/-/dcl-node-runtime-1.0.0.tgz",
      "integrity": "sha512-lSkSlYYqrpz3asSsUShRFo/SscHdOstfUYGmbHQaoK4XDavsScCqI4Bpxc2haWG7HGXH/otzJdQnot6rNDlnyg==",
      "dev": true,
      "requires": {
        "node-fetch": "^2.6.0",
        "ws": "^7.3.1"
      }
    },
    "decentraland": {
      "version": "3.4.5-20201215174704.commit-cc148ed",
      "resolved": "https://registry.npmjs.org/decentraland/-/decentraland-3.4.5-20201215174704.commit-cc148ed.tgz",
      "integrity": "sha512-iNhmGqXj48TDj8T75elucij0GmJUzmMcFrLLGrZHy04y6F2zoCdU272JCk1FlfsHJR8LMZ7a0nU8+kHcOyrKNg==",
      "dev": true,
      "requires": {
        "dcl-node-runtime": "^1.0.0",
        "decentraland-ecs": "^6.4.9-20200527010700.commit-85d2fbc",
        "decentraland-renderer": "^1.8.21483"
      },
      "dependencies": {
        "decentraland-ecs": {
          "version": "6.6.3",
          "resolved": "https://registry.npmjs.org/decentraland-ecs/-/decentraland-ecs-6.6.3.tgz",
          "integrity": "sha512-s9pKMT6jXoBUlc0Zxqigd0x7VlRGBQwfiQMs+zSkkt8gLes/hxFp3VXJvjQe/PvT7fp1IEl82Agzckxje3joIw==",
          "dev": true,
          "requires": {
            "terser": "^5.2.1",
            "typescript": "^4.0.2"
          }
        }
      }
    },
    "decentraland-ecs": {
      "version": "6.6.4-20210121150433.commit-0bed14a",
      "resolved": "https://registry.npmjs.org/decentraland-ecs/-/decentraland-ecs-6.6.4-20210121150433.commit-0bed14a.tgz",
      "integrity": "sha512-ECpz+DqaIXTkogPKlg7DYcGxN/wc3qa5o18aMJNRYHGdqQndBfTqIteKAESBoFt1FYNQTpkEI4z4gRf34Ozjlg==",
      "dev": true,
      "requires": {
        "terser": "^5.2.1",
        "typescript": "^4.0.2"
      }
    },
    "decentraland-ecs-utils": {
      "version": "1.4.8",
      "resolved": "https://registry.npmjs.org/decentraland-ecs-utils/-/decentraland-ecs-utils-1.4.8.tgz",
      "integrity": "sha512-LA/2VFG50Jvq4sevI0Faf4F1AqaAm3dWuJ2kskIahKYFwwPTGUqyheU4mTaAIaUoBM5kE4ltTks0QUCvHVbFQQ==",
      "dev": true
    },
    "decentraland-renderer": {
      "version": "1.8.61191",
      "resolved": "https://registry.npmjs.org/decentraland-renderer/-/decentraland-renderer-1.8.61191.tgz",
      "integrity": "sha512-eeyYKP4fu64v8WJamauAMpv2h3jD+H6Pt1XvVXENDwSlWltNssNgKeXIr0bMka7Rr7VYW3t90HQ2t0xM8UQ+VQ==",
      "dev": true
    },
    "node-fetch": {
      "version": "2.6.1",
      "resolved": "https://registry.npmjs.org/node-fetch/-/node-fetch-2.6.1.tgz",
      "integrity": "sha512-V4aYg89jEoVRxRb2fJdAg8FHvI7cEyYdVAh94HH0UIK8oJxUfkjlDQN9RbMx+bEjP7+ggMiFRprSti032Oipxw==",
      "dev": true
    },
    "source-map": {
      "version": "0.7.3",
      "resolved": "https://registry.npmjs.org/source-map/-/source-map-0.7.3.tgz",
      "integrity": "sha512-CkCj6giN3S+n9qrYiBTX5gystlENnRW5jZeNLHpe6aue+SrHcG5VYwujhW9s4dY31mEGsxBDrHR6oI69fTXsaQ==",
      "dev": true
    },
    "source-map-support": {
      "version": "0.5.19",
      "resolved": "https://registry.npmjs.org/source-map-support/-/source-map-support-0.5.19.tgz",
      "integrity": "sha512-Wonm7zOCIJzBGQdB+thsPar0kYuCIzYvxZwlBa87yi/Mdjv7Tip2cyVbLj5o0cFPN4EVkuTwb3GDDyUx2DGnGw==",
      "dev": true,
      "requires": {
        "buffer-from": "^1.0.0",
        "source-map": "^0.6.0"
      },
      "dependencies": {
        "source-map": {
          "version": "0.6.1",
          "resolved": "https://registry.npmjs.org/source-map/-/source-map-0.6.1.tgz",
          "integrity": "sha512-UjgapumWlbMhkBgzT7Ykc5YXUT46F0iKu8SGXq0bcwP5dz/h0Plj6enJqjz1Zbq2l5WaqYnrVbwWOWMyF3F47g==",
          "dev": true
        }
      }
    },
    "terser": {
      "version": "5.5.1",
      "resolved": "https://registry.npmjs.org/terser/-/terser-5.5.1.tgz",
      "integrity": "sha512-6VGWZNVP2KTUcltUQJ25TtNjx/XgdDsBDKGt8nN0MpydU36LmbPPcMBd2kmtZNNGVVDLg44k7GKeHHj+4zPIBQ==",
      "dev": true,
      "requires": {
        "commander": "^2.20.0",
        "source-map": "~0.7.2",
        "source-map-support": "~0.5.19"
      }
    },
    "typescript": {
      "version": "4.1.3",
      "resolved": "https://registry.npmjs.org/typescript/-/typescript-4.1.3.tgz",
      "integrity": "sha512-B3ZIOf1IKeH2ixgHhj6la6xdwR9QrLC5d1VKeCSY4tvkqhF2eqd9O7txNlS0PO3GrBAFIdr3L1ndNwteUbZLYg==",
      "dev": true
    },
    "ws": {
      "version": "7.4.2",
      "resolved": "https://registry.npmjs.org/ws/-/ws-7.4.2.tgz",
      "integrity": "sha512-T4tewALS3+qsrpGI/8dqNMLIVdq/g/85U98HPMa6F0m6xTbvhXU6RCQLqPH3+SlomNV/LdY6RXEbBpMH6EOJnA==",
      "dev": true
    }
  }
}
